
Microsoft Visual Studio Solution File, Format Version 12.00
# Visual Studio 15
VisualStudioVersion = 15.0.28307.645
MinimumVisualStudioVersion = 10.0.40219.1
Project("{FAE04EC0-301F-11D3-BF4B-00C04F79EFBC}") = "DataX.Utilities.JobRunner", "DataX.Utilities.JobRunner\DataX.Utilities.JobRunner.csproj", "{8420E244-AE52-47AB-8BAF-199094ED8C8E}"
EndProject
Project("{9A19103F-16F7-4668-BE54-9A1E7A4F7556}") = "DataX.Contract", "..\DataX.Contract\DataX.Contract.csproj", "{ACF08CFB-219C-425F-BFED-318D722BB21A}"
EndProject
Global
	GlobalSection(SolutionConfigurationPlatforms) = preSolution
		Debug|Any CPU = Debug|Any CPU
		Release|Any CPU = Release|Any CPU
	EndGlobalSection
	GlobalSection(ProjectConfigurationPlatforms) = postSolution
		{8420E244-AE52-47AB-8BAF-199094ED8C8E}.Debug|Any CPU.ActiveCfg = Debug|Any CPU
		{8420E244-AE52-47AB-8BAF-199094ED8C8E}.Debug|Any CPU.Build.0 = Debug|Any CPU
		{8420E244-AE52-47AB-8BAF-199094ED8C8E}.Release|Any CPU.ActiveCfg = Release|Any CPU
		{8420E244-AE52-47AB-8BAF-199094ED8C8E}.Release|Any CPU.Build.0 = Release|Any CPU
		{ACF08CFB-219C-425F-BFED-318D722BB21A}.Debug|Any CPU.ActiveCfg = Debug|Any CPU
		{ACF08CFB-219C-425F-BFED-318D722BB21A}.Debug|Any CPU.Build.0 = Debug|Any CPU
		{ACF08CFB-219C-425F-BFED-318D722BB21A}.Release|Any CPU.ActiveCfg = Release|Any CPU
		{ACF08CFB-219C-425F-BFED-318D722BB21A}.Release|Any CPU.Build.0 = Release|Any CPU
	EndGlobalSection
	GlobalSection(SolutionProperties) = preSolution
		HideSolutionNode = FALSE
	EndGlobalSection
	GlobalSection(ExtensibilityGlobals) = postSolution
		SolutionGuid = {3A5BAF9A-E2D1-4007-8C57-21E3209B00F1}
	EndGlobalSection
EndGlobal
