
Microsoft Visual Studio Solution File, Format Version 12.00
# Visual Studio 15
VisualStudioVersion = 15.0.28307.168
MinimumVisualStudioVersion = 10.0.40219.1
Project("{9A19103F-16F7-4668-BE54-9A1E7A4F7556}") = "DataX.Utility.CodeSign", "DataX.Utility.CodeSign\DataX.Utility.CodeSign.csproj", "{F42E9A11-BA7C-4050-B8E4-33532615C230}"
EndProject
Global
	GlobalSection(SolutionConfigurationPlatforms) = preSolution
		Debug|Any CPU = Debug|Any CPU
		Release|Any CPU = Release|Any CPU
	EndGlobalSection
	GlobalSection(ProjectConfigurationPlatforms) = postSolution
		{F42E9A11-BA7C-4050-B8E4-33532615C230}.Debug|Any CPU.ActiveCfg = Debug|Any CPU
		{F42E9A11-BA7C-4050-B8E4-33532615C230}.Debug|Any CPU.Build.0 = Debug|Any CPU
		{F42E9A11-BA7C-4050-B8E4-33532615C230}.Release|Any CPU.ActiveCfg = Release|Any CPU
		{F42E9A11-BA7C-4050-B8E4-33532615C230}.Release|Any CPU.Build.0 = Release|Any CPU
	EndGlobalSection
	GlobalSection(SolutionProperties) = preSolution
		HideSolutionNode = FALSE
	EndGlobalSection
	GlobalSection(ExtensibilityGlobals) = postSolution
		SolutionGuid = {6EBAC466-53ED-4C98-8790-81D8AF7ACC06}
	EndGlobalSection
EndGlobal
