
Microsoft Visual Studio Solution File, Format Version 12.00
# Visual Studio 15
VisualStudioVersion = 15.0.28203.51
MinimumVisualStudioVersion = 10.0.40219.1
Project("{A07B5EB6-E848-4116-A8D0-A826331D98C6}") = "DataX.Flow", "DataX.Flow\DataX.Flow.sfproj", "{34E85436-8F73-44FC-9C03-CA205077D68D}"
EndProject
Project("{9A19103F-16F7-4668-BE54-9A1E7A4F7556}") = "Flow.ManagementService", "Flow.ManagementService\Flow.ManagementService.csproj", "{3BA3102B-C8F3-468A-A06D-B6A02EE3B993}"
EndProject
Project("{9A19103F-16F7-4668-BE54-9A1E7A4F7556}") = "DataX.Flow.CodegenRules", "DataX.Flow.CodegenRules\DataX.Flow.CodegenRules.csproj", "{DBADD6FA-C068-412D-87F5-72CCE4361EF3}"
EndProject
Project("{9A19103F-16F7-4668-BE54-9A1E7A4F7556}") = "DataX.Flow.DeleteHelper", "DataX.Flow.DeleteHelper\DataX.Flow.DeleteHelper.csproj", "{D93F4C01-0F02-44DD-996C-DE99B085999B}"
EndProject
Project("{9A19103F-16F7-4668-BE54-9A1E7A4F7556}") = "DataX.Flow.SchemaInference", "DataX.Flow.SchemaInference\DataX.Flow.SchemaInference.csproj", "{338CB7A9-CA71-4D75-990D-3211B4A8CAE7}"
EndProject
Project("{9A19103F-16F7-4668-BE54-9A1E7A4F7556}") = "DataX.Flow.SqlParser", "DataX.Flow.SqlParser\DataX.Flow.SqlParser.csproj", "{A35DCE0E-167E-49FF-8024-8BC3B4BB7775}"
EndProject
Project("{9A19103F-16F7-4668-BE54-9A1E7A4F7556}") = "DataX.Flow.SchemaInference.Tests", "DataX.Flow.SchemaInference.Tests\DataX.Flow.SchemaInference.Tests.csproj", "{DC79570D-82AC-4240-BBFF-BF67298D9EAD}"
EndProject
Project("{9A19103F-16F7-4668-BE54-9A1E7A4F7556}") = "DataX.Utilities.Blob", "..\DataX.Utilities\DataX.Utilities.Blob\DataX.Utilities.Blob.csproj", "{BB5AE0A9-9100-419B-8EDA-27D7F7E8B259}"
EndProject
Project("{9A19103F-16F7-4668-BE54-9A1E7A4F7556}") = "DataX.Utilities.KeyVault", "..\DataX.Utilities\DataX.Utilities.KeyVault\DataX.Utilities.KeyVault.csproj", "{D2FD4317-8BE6-4F1E-B5A8-CF766FE2E74E}"
EndProject
Project("{9A19103F-16F7-4668-BE54-9A1E7A4F7556}") = "DataX.Utilities.EventHub", "..\DataX.Utilities\DataX.Utilities.EventHub\DataX.Utilities.EventHub.csproj", "{A44D7D9E-A851-49A9-8F8E-9541FBB6A8D3}"
EndProject
Project("{9A19103F-16F7-4668-BE54-9A1E7A4F7556}") = "DataX.Utilities.CosmosDB", "..\DataX.Utilities\DataX.Utilities.CosmosDB\DataX.Utilities.CosmosDB.csproj", "{19AC676B-6FCE-4EA3-99A8-B893B9CC0B76}"
EndProject
Project("{9A19103F-16F7-4668-BE54-9A1E7A4F7556}") = "Flow.InteractiveQueryService", "Flow.InteractiveQueryService\Flow.InteractiveQueryService.csproj", "{BC34FFEB-5D22-41DE-AFD1-B02D6632D966}"
EndProject
Project("{9A19103F-16F7-4668-BE54-9A1E7A4F7556}") = "DataX.Flow.InteractiveQuery", "DataX.Flow.InteractiveQuery\DataX.Flow.InteractiveQuery.csproj", "{7DE846AD-8ADE-49EA-80F4-E82240D73280}"
EndProject
Project("{9A19103F-16F7-4668-BE54-9A1E7A4F7556}") = "Flow.SchemaInferenceService", "Flow.SchemaInferenceService\Flow.SchemaInferenceService.csproj", "{A248991B-1DCE-414F-8F69-4E15AE7B5BCD}"
EndProject
Project("{9A19103F-16F7-4668-BE54-9A1E7A4F7556}") = "DataX.Flow.Common", "DataX.Flow.Common\DataX.Flow.Common.csproj", "{4AF5863E-CFE1-4B6E-ADAA-B0031C839532}"
EndProject
Project("{9A19103F-16F7-4668-BE54-9A1E7A4F7556}") = "Flow.LiveDataService", "Flow.LiveDataService\Flow.LiveDataService.csproj", "{434D84A0-F2AF-4F96-9BE6-7376F52D1A71}"
EndProject
Project("{9A19103F-16F7-4668-BE54-9A1E7A4F7556}") = "DataX.Flow.CodegenRules.Tests", "DataX.Flow.CodegenRules.Tests\DataX.Flow.CodegenRules.Tests.csproj", "{AE18E85F-CE02-473E-9DE3-B7A19069FF68}"
EndProject
Project("{9A19103F-16F7-4668-BE54-9A1E7A4F7556}") = "DataX.Flow.SqlParser.Tests", "DataX.Flow.SqlParser.Tests\DataX.Flow.SqlParser.Tests.csproj", "{C74DC460-CA6D-474F-8ED5-EE3CC6B0E8C7}"
EndProject
Project("{9A19103F-16F7-4668-BE54-9A1E7A4F7556}") = "DataX.Utilities.Telemetry", "..\DataX.Utilities\DataX.Utilities.Telemetry\DataX.Utilities.Telemetry.csproj", "{EF704744-E4A9-42D4-830A-17EEA66A98FC}"
EndProject
Project("{9A19103F-16F7-4668-BE54-9A1E7A4F7556}") = "DataX.Flow.Common.Tests", "DataX.Flow.Common.Tests\DataX.Flow.Common.Tests.csproj", "{16FD6E57-0B07-48A3-A505-2824220A10F2}"
EndProject
Project("{2150E333-8FDC-42A3-9474-1A3956D46DE8}") = "DataX.Utilities", "DataX.Utilities", "{BAC65147-0FB3-457E-992E-0EEBA3DC9330}"
EndProject
Project("{2150E333-8FDC-42A3-9474-1A3956D46DE8}") = "DataX.Contract", "DataX.Contract", "{7D216C6D-7895-41DF-92F3-B5F0E0472F3B}"
EndProject
Project("{9A19103F-16F7-4668-BE54-9A1E7A4F7556}") = "DataX.Contract", "..\DataX.Contract\DataX.Contract.csproj", "{75E388EF-A3E7-4248-86D1-99782D97D9A1}"
EndProject
Project("{9A19103F-16F7-4668-BE54-9A1E7A4F7556}") = "DataX.Config", "..\DataX.Config\DataX.Config\DataX.Config.csproj", "{26D768EE-564E-482C-B3B5-A6A8F9937FD0}"
EndProject
Project("{9A19103F-16F7-4668-BE54-9A1E7A4F7556}") = "DataX.Config.ConfigurationProviders", "..\DataX.Config\DataX.Config.ConfigurationProviders\DataX.Config.ConfigurationProviders.csproj", "{DEDFCDE7-4885-4B00-AB2B-A6196503A9E8}"
EndProject
Project("{9A19103F-16F7-4668-BE54-9A1E7A4F7556}") = "DataX.Config.Storage", "..\DataX.Config\DataX.Config.Storage\DataX.Config.Storage.csproj", "{81DCD627-71D8-4F0D-B5F9-C9F8C6035442}"
EndProject
Project("{9A19103F-16F7-4668-BE54-9A1E7A4F7556}") = "DataX.Config.KeyVault", "..\DataX.Config\DataX.Config.KeyVault\DataX.Config.KeyVault.csproj", "{EA3250C1-1895-4CE5-8361-AA7DA21E21EA}"
EndProject
Project("{9A19103F-16F7-4668-BE54-9A1E7A4F7556}") = "DataX.Utility.KeyVault", "..\DataX.Utilities\DataX.Utility.KeyVault\DataX.Utility.KeyVault.csproj", "{2EA0CFB9-13BE-48DE-883C-7F5A123B04F7}"
EndProject
Project("{9A19103F-16F7-4668-BE54-9A1E7A4F7556}") = "DataX.Utility.Blob", "..\DataX.Utilities\DataX.Utility.Blob\DataX.Utility.Blob.csproj", "{66A5AD2F-FB6D-47D0-A405-35068A6B3897}"
EndProject
Project("{9A19103F-16F7-4668-BE54-9A1E7A4F7556}") = "DataX.Utility.CosmosDB", "..\DataX.Utilities\DataX.Utility.CosmosDB\DataX.Utility.CosmosDB.csproj", "{352A37F3-D9CA-4B8A-B455-9091FBE70D16}"
EndProject
Project("{9A19103F-16F7-4668-BE54-9A1E7A4F7556}") = "DataX.Config.Test", "..\DataX.Config\DataX.Config.Test\DataX.Config.Test.csproj", "{B49BAEAE-BFAD-4B16-8C25-952C0332EEFB}"
EndProject
Project("{9A19103F-16F7-4668-BE54-9A1E7A4F7556}") = "DataX.Config.Test.Utility", "..\DataX.Config\DataX.Config.Test.Utility\DataX.Config.Test.Utility.csproj", "{1376E883-42CB-4573-9955-C52B6054FE16}"
EndProject
Project("{9A19103F-16F7-4668-BE54-9A1E7A4F7556}") = "DataX.Config.LivyClient", "..\DataX.Config\DataX.Config.LivyClient\DataX.Config.LivyClient.csproj", "{563A6DAE-08C8-4366-B48F-D452376E0ECF}"
EndProject
Project("{9A19103F-16F7-4668-BE54-9A1E7A4F7556}") = "DataX.Config.Local", "..\DataX.Config\DataX.Config.Local\DataX.Config.Local.csproj", "{8E348951-91A9-41BF-942B-0747826573E1}"
EndProject
Project("{9A19103F-16F7-4668-BE54-9A1E7A4F7556}") = "DataX.Config.Local.Test", "..\DataX.Config\DataX.Config.Local.Test\DataX.Config.Local.Test.csproj", "{8B08C0EA-974D-47B1-9E32-EDAAB1C660B4}"
EndProject
Project("{9A19103F-16F7-4668-BE54-9A1E7A4F7556}") = "DataX.Config.Input.EventHub", "..\DataX.Config\DataX.Config.Input.EventHub\DataX.Config.Input.EventHub.csproj", "{2086CBF7-42F5-4110-BFF3-54463D743E1F}"
EndProject
Project("{9A19103F-16F7-4668-BE54-9A1E7A4F7556}") = "DataX.Utility.EventHub", "..\DataX.Config\DataX.Utility.EventHub\DataX.Utility.EventHub.csproj", "{7C471B0A-FDEC-44C5-B312-E95A6A43BFE4}"
EndProject
Project("{9A19103F-16F7-4668-BE54-9A1E7A4F7556}") = "DataX.Utilities.Web", "..\DataX.Utilities\DataX.Utilities.Web\DataX.Utilities.Web.csproj", "{58740BCA-B537-4A61-9085-51F192A7106D}"
EndProject
Project("{9A19103F-16F7-4668-BE54-9A1E7A4F7556}") = "DataX.Gateway.Contract", "..\DataX.Gateway\DataX.Gateway.Contract\DataX.Gateway.Contract.csproj", "{5903D72A-B458-4CA0-802E-241410E2ADE7}"
EndProject
Project("{9A19103F-16F7-4668-BE54-9A1E7A4F7556}") = "DataX.Utility.Nuget", "..\DataX.Utilities\DataX.Utility.Nuget\DataX.Utility.Nuget.csproj", "{7BE24BB5-3237-4403-921E-3CFC5A4A8E20}"
EndProject
Project("{9A19103F-16F7-4668-BE54-9A1E7A4F7556}") = "DataX.ServiceHost", "..\DataX.ServiceHost\DataX.ServiceHost\DataX.ServiceHost.csproj", "{9FE363A8-7187-4F29-910C-AD2A845B48E0}"
EndProject
Project("{9A19103F-16F7-4668-BE54-9A1E7A4F7556}") = "DataX.Flow.Scheduler", "DataX.Flow.Scheduler\DataX.Flow.Scheduler.csproj", "{6841102C-9535-441D-8367-39E6E8CDCE04}"
EndProject
Project("{9A19103F-16F7-4668-BE54-9A1E7A4F7556}") = "DataX.Utility.ServiceCommunication", "DataX.Utility.ServiceCommunication\DataX.Utility.ServiceCommunication.csproj", "{D9F40BA0-EFB9-4546-8F83-FC390BE7EDA5}"
EndProject
Project("{9A19103F-16F7-4668-BE54-9A1E7A4F7556}") = "DataX.ServiceHost.AspNetCore", "..\DataX.ServiceHost\DataX.ServiceHost.AspNetCore\DataX.ServiceHost.AspNetCore.csproj", "{52E1724E-62DD-4CC2-A5E8-AD3947EC5C9F}"
EndProject
Project("{9A19103F-16F7-4668-BE54-9A1E7A4F7556}") = "DataX.ServiceHost.ServiceFabric", "..\DataX.ServiceHost\DataX.ServiceHost.ServiceFabric\DataX.ServiceHost.ServiceFabric.csproj", "{37675FE0-BFD5-434C-B1CF-473EA564EF32}"
EndProject
Project("{9A19103F-16F7-4668-BE54-9A1E7A4F7556}") = "DataX.Config.DatabricksClient", "..\DataX.Config\DataX.Config.DatabricksClient\DataX.Config.DatabricksClient.csproj", "{DFAC7BC7-3B32-4EF8-8C75-C3E910CECEB4}"
EndProject
Project("{9A19103F-16F7-4668-BE54-9A1E7A4F7556}") = "DataX.Flow.InteractiveQuery.Tests", "DataX.Flow.InteractiveQuery.Tests\DataX.Flow.InteractiveQuery.Tests.csproj", "{55E82F07-671B-4BBC-A8ED-F588EF181E82}"
EndProject
Project("{9A19103F-16F7-4668-BE54-9A1E7A4F7556}") = "DataX.Utilities.Composition", "DataX.Utilities.Composition\DataX.Utilities.Composition.csproj", "{ABAA5FF5-828B-4959-BAE5-71DED33F4993}"
EndProject
Project("{9A19103F-16F7-4668-BE54-9A1E7A4F7556}") = "DataX.Utilities.Tests", "..\DataX.Utilities\DataX.Utilities.Tests\DataX.Utilities.Tests.csproj", "{F726B1BC-35E9-47C2-9D72-D66F04DEA774}"
EndProject
Global
	GlobalSection(SolutionConfigurationPlatforms) = preSolution
		Debug|Any CPU = Debug|Any CPU
		Debug|x64 = Debug|x64
		Release|Any CPU = Release|Any CPU
		Release|x64 = Release|x64
	EndGlobalSection
	GlobalSection(ProjectConfigurationPlatforms) = postSolution
		{34E85436-8F73-44FC-9C03-CA205077D68D}.Debug|Any CPU.ActiveCfg = Debug|x64
		{34E85436-8F73-44FC-9C03-CA205077D68D}.Debug|x64.ActiveCfg = Debug|x64
		{34E85436-8F73-44FC-9C03-CA205077D68D}.Debug|x64.Build.0 = Debug|x64
		{34E85436-8F73-44FC-9C03-CA205077D68D}.Debug|x64.Deploy.0 = Debug|x64
		{34E85436-8F73-44FC-9C03-CA205077D68D}.Release|Any CPU.ActiveCfg = Release|x64
		{34E85436-8F73-44FC-9C03-CA205077D68D}.Release|x64.ActiveCfg = Release|x64
		{34E85436-8F73-44FC-9C03-CA205077D68D}.Release|x64.Build.0 = Release|x64
		{34E85436-8F73-44FC-9C03-CA205077D68D}.Release|x64.Deploy.0 = Release|x64
		{3BA3102B-C8F3-468A-A06D-B6A02EE3B993}.Debug|Any CPU.ActiveCfg = Debug|Any CPU
		{3BA3102B-C8F3-468A-A06D-B6A02EE3B993}.Debug|Any CPU.Build.0 = Debug|Any CPU
		{3BA3102B-C8F3-468A-A06D-B6A02EE3B993}.Debug|x64.ActiveCfg = Debug|Any CPU
		{3BA3102B-C8F3-468A-A06D-B6A02EE3B993}.Debug|x64.Build.0 = Debug|Any CPU
		{3BA3102B-C8F3-468A-A06D-B6A02EE3B993}.Release|Any CPU.ActiveCfg = Release|Any CPU
		{3BA3102B-C8F3-468A-A06D-B6A02EE3B993}.Release|Any CPU.Build.0 = Release|Any CPU
		{3BA3102B-C8F3-468A-A06D-B6A02EE3B993}.Release|x64.ActiveCfg = Release|Any CPU
		{3BA3102B-C8F3-468A-A06D-B6A02EE3B993}.Release|x64.Build.0 = Release|Any CPU
		{DBADD6FA-C068-412D-87F5-72CCE4361EF3}.Debug|Any CPU.ActiveCfg = Debug|Any CPU
		{DBADD6FA-C068-412D-87F5-72CCE4361EF3}.Debug|Any CPU.Build.0 = Debug|Any CPU
		{DBADD6FA-C068-412D-87F5-72CCE4361EF3}.Debug|x64.ActiveCfg = Debug|Any CPU
		{DBADD6FA-C068-412D-87F5-72CCE4361EF3}.Debug|x64.Build.0 = Debug|Any CPU
		{DBADD6FA-C068-412D-87F5-72CCE4361EF3}.Release|Any CPU.ActiveCfg = Release|Any CPU
		{DBADD6FA-C068-412D-87F5-72CCE4361EF3}.Release|Any CPU.Build.0 = Release|Any CPU
		{DBADD6FA-C068-412D-87F5-72CCE4361EF3}.Release|x64.ActiveCfg = Release|Any CPU
		{DBADD6FA-C068-412D-87F5-72CCE4361EF3}.Release|x64.Build.0 = Release|Any CPU
		{D93F4C01-0F02-44DD-996C-DE99B085999B}.Debug|Any CPU.ActiveCfg = Debug|Any CPU
		{D93F4C01-0F02-44DD-996C-DE99B085999B}.Debug|Any CPU.Build.0 = Debug|Any CPU
		{D93F4C01-0F02-44DD-996C-DE99B085999B}.Debug|x64.ActiveCfg = Debug|Any CPU
		{D93F4C01-0F02-44DD-996C-DE99B085999B}.Debug|x64.Build.0 = Debug|Any CPU
		{D93F4C01-0F02-44DD-996C-DE99B085999B}.Release|Any CPU.ActiveCfg = Release|Any CPU
		{D93F4C01-0F02-44DD-996C-DE99B085999B}.Release|Any CPU.Build.0 = Release|Any CPU
		{D93F4C01-0F02-44DD-996C-DE99B085999B}.Release|x64.ActiveCfg = Release|Any CPU
		{D93F4C01-0F02-44DD-996C-DE99B085999B}.Release|x64.Build.0 = Release|Any CPU
		{338CB7A9-CA71-4D75-990D-3211B4A8CAE7}.Debug|Any CPU.ActiveCfg = Debug|Any CPU
		{338CB7A9-CA71-4D75-990D-3211B4A8CAE7}.Debug|Any CPU.Build.0 = Debug|Any CPU
		{338CB7A9-CA71-4D75-990D-3211B4A8CAE7}.Debug|x64.ActiveCfg = Debug|Any CPU
		{338CB7A9-CA71-4D75-990D-3211B4A8CAE7}.Debug|x64.Build.0 = Debug|Any CPU
		{338CB7A9-CA71-4D75-990D-3211B4A8CAE7}.Release|Any CPU.ActiveCfg = Release|Any CPU
		{338CB7A9-CA71-4D75-990D-3211B4A8CAE7}.Release|Any CPU.Build.0 = Release|Any CPU
		{338CB7A9-CA71-4D75-990D-3211B4A8CAE7}.Release|x64.ActiveCfg = Release|Any CPU
		{338CB7A9-CA71-4D75-990D-3211B4A8CAE7}.Release|x64.Build.0 = Release|Any CPU
		{A35DCE0E-167E-49FF-8024-8BC3B4BB7775}.Debug|Any CPU.ActiveCfg = Debug|Any CPU
		{A35DCE0E-167E-49FF-8024-8BC3B4BB7775}.Debug|Any CPU.Build.0 = Debug|Any CPU
		{A35DCE0E-167E-49FF-8024-8BC3B4BB7775}.Debug|x64.ActiveCfg = Debug|Any CPU
		{A35DCE0E-167E-49FF-8024-8BC3B4BB7775}.Debug|x64.Build.0 = Debug|Any CPU
		{A35DCE0E-167E-49FF-8024-8BC3B4BB7775}.Release|Any CPU.ActiveCfg = Release|Any CPU
		{A35DCE0E-167E-49FF-8024-8BC3B4BB7775}.Release|Any CPU.Build.0 = Release|Any CPU
		{A35DCE0E-167E-49FF-8024-8BC3B4BB7775}.Release|x64.ActiveCfg = Release|Any CPU
		{A35DCE0E-167E-49FF-8024-8BC3B4BB7775}.Release|x64.Build.0 = Release|Any CPU
		{DC79570D-82AC-4240-BBFF-BF67298D9EAD}.Debug|Any CPU.ActiveCfg = Debug|Any CPU
		{DC79570D-82AC-4240-BBFF-BF67298D9EAD}.Debug|Any CPU.Build.0 = Debug|Any CPU
		{DC79570D-82AC-4240-BBFF-BF67298D9EAD}.Debug|x64.ActiveCfg = Debug|Any CPU
		{DC79570D-82AC-4240-BBFF-BF67298D9EAD}.Debug|x64.Build.0 = Debug|Any CPU
		{DC79570D-82AC-4240-BBFF-BF67298D9EAD}.Release|Any CPU.ActiveCfg = Release|Any CPU
		{DC79570D-82AC-4240-BBFF-BF67298D9EAD}.Release|Any CPU.Build.0 = Release|Any CPU
		{DC79570D-82AC-4240-BBFF-BF67298D9EAD}.Release|x64.ActiveCfg = Release|Any CPU
		{DC79570D-82AC-4240-BBFF-BF67298D9EAD}.Release|x64.Build.0 = Release|Any CPU
		{BB5AE0A9-9100-419B-8EDA-27D7F7E8B259}.Debug|Any CPU.ActiveCfg = Debug|Any CPU
		{BB5AE0A9-9100-419B-8EDA-27D7F7E8B259}.Debug|Any CPU.Build.0 = Debug|Any CPU
		{BB5AE0A9-9100-419B-8EDA-27D7F7E8B259}.Debug|x64.ActiveCfg = Debug|Any CPU
		{BB5AE0A9-9100-419B-8EDA-27D7F7E8B259}.Debug|x64.Build.0 = Debug|Any CPU
		{BB5AE0A9-9100-419B-8EDA-27D7F7E8B259}.Release|Any CPU.ActiveCfg = Release|Any CPU
		{BB5AE0A9-9100-419B-8EDA-27D7F7E8B259}.Release|Any CPU.Build.0 = Release|Any CPU
		{BB5AE0A9-9100-419B-8EDA-27D7F7E8B259}.Release|x64.ActiveCfg = Release|Any CPU
		{BB5AE0A9-9100-419B-8EDA-27D7F7E8B259}.Release|x64.Build.0 = Release|Any CPU
		{D2FD4317-8BE6-4F1E-B5A8-CF766FE2E74E}.Debug|Any CPU.ActiveCfg = Debug|Any CPU
		{D2FD4317-8BE6-4F1E-B5A8-CF766FE2E74E}.Debug|Any CPU.Build.0 = Debug|Any CPU
		{D2FD4317-8BE6-4F1E-B5A8-CF766FE2E74E}.Debug|x64.ActiveCfg = Debug|Any CPU
		{D2FD4317-8BE6-4F1E-B5A8-CF766FE2E74E}.Debug|x64.Build.0 = Debug|Any CPU
		{D2FD4317-8BE6-4F1E-B5A8-CF766FE2E74E}.Release|Any CPU.ActiveCfg = Release|Any CPU
		{D2FD4317-8BE6-4F1E-B5A8-CF766FE2E74E}.Release|Any CPU.Build.0 = Release|Any CPU
		{D2FD4317-8BE6-4F1E-B5A8-CF766FE2E74E}.Release|x64.ActiveCfg = Release|Any CPU
		{D2FD4317-8BE6-4F1E-B5A8-CF766FE2E74E}.Release|x64.Build.0 = Release|Any CPU
		{A44D7D9E-A851-49A9-8F8E-9541FBB6A8D3}.Debug|Any CPU.ActiveCfg = Debug|Any CPU
		{A44D7D9E-A851-49A9-8F8E-9541FBB6A8D3}.Debug|Any CPU.Build.0 = Debug|Any CPU
		{A44D7D9E-A851-49A9-8F8E-9541FBB6A8D3}.Debug|x64.ActiveCfg = Debug|Any CPU
		{A44D7D9E-A851-49A9-8F8E-9541FBB6A8D3}.Debug|x64.Build.0 = Debug|Any CPU
		{A44D7D9E-A851-49A9-8F8E-9541FBB6A8D3}.Release|Any CPU.ActiveCfg = Release|Any CPU
		{A44D7D9E-A851-49A9-8F8E-9541FBB6A8D3}.Release|Any CPU.Build.0 = Release|Any CPU
		{A44D7D9E-A851-49A9-8F8E-9541FBB6A8D3}.Release|x64.ActiveCfg = Release|Any CPU
		{A44D7D9E-A851-49A9-8F8E-9541FBB6A8D3}.Release|x64.Build.0 = Release|Any CPU
		{19AC676B-6FCE-4EA3-99A8-B893B9CC0B76}.Debug|Any CPU.ActiveCfg = Debug|Any CPU
		{19AC676B-6FCE-4EA3-99A8-B893B9CC0B76}.Debug|Any CPU.Build.0 = Debug|Any CPU
		{19AC676B-6FCE-4EA3-99A8-B893B9CC0B76}.Debug|x64.ActiveCfg = Debug|Any CPU
		{19AC676B-6FCE-4EA3-99A8-B893B9CC0B76}.Debug|x64.Build.0 = Debug|Any CPU
		{19AC676B-6FCE-4EA3-99A8-B893B9CC0B76}.Release|Any CPU.ActiveCfg = Release|Any CPU
		{19AC676B-6FCE-4EA3-99A8-B893B9CC0B76}.Release|Any CPU.Build.0 = Release|Any CPU
		{19AC676B-6FCE-4EA3-99A8-B893B9CC0B76}.Release|x64.ActiveCfg = Release|Any CPU
		{19AC676B-6FCE-4EA3-99A8-B893B9CC0B76}.Release|x64.Build.0 = Release|Any CPU
		{BC34FFEB-5D22-41DE-AFD1-B02D6632D966}.Debug|Any CPU.ActiveCfg = Debug|Any CPU
		{BC34FFEB-5D22-41DE-AFD1-B02D6632D966}.Debug|Any CPU.Build.0 = Debug|Any CPU
		{BC34FFEB-5D22-41DE-AFD1-B02D6632D966}.Debug|x64.ActiveCfg = Debug|Any CPU
		{BC34FFEB-5D22-41DE-AFD1-B02D6632D966}.Debug|x64.Build.0 = Debug|Any CPU
		{BC34FFEB-5D22-41DE-AFD1-B02D6632D966}.Release|Any CPU.ActiveCfg = Release|Any CPU
		{BC34FFEB-5D22-41DE-AFD1-B02D6632D966}.Release|Any CPU.Build.0 = Release|Any CPU
		{BC34FFEB-5D22-41DE-AFD1-B02D6632D966}.Release|x64.ActiveCfg = Release|Any CPU
		{BC34FFEB-5D22-41DE-AFD1-B02D6632D966}.Release|x64.Build.0 = Release|Any CPU
		{7DE846AD-8ADE-49EA-80F4-E82240D73280}.Debug|Any CPU.ActiveCfg = Debug|Any CPU
		{7DE846AD-8ADE-49EA-80F4-E82240D73280}.Debug|Any CPU.Build.0 = Debug|Any CPU
		{7DE846AD-8ADE-49EA-80F4-E82240D73280}.Debug|x64.ActiveCfg = Debug|Any CPU
		{7DE846AD-8ADE-49EA-80F4-E82240D73280}.Debug|x64.Build.0 = Debug|Any CPU
		{7DE846AD-8ADE-49EA-80F4-E82240D73280}.Release|Any CPU.ActiveCfg = Release|Any CPU
		{7DE846AD-8ADE-49EA-80F4-E82240D73280}.Release|Any CPU.Build.0 = Release|Any CPU
		{7DE846AD-8ADE-49EA-80F4-E82240D73280}.Release|x64.ActiveCfg = Release|Any CPU
		{7DE846AD-8ADE-49EA-80F4-E82240D73280}.Release|x64.Build.0 = Release|Any CPU
		{A248991B-1DCE-414F-8F69-4E15AE7B5BCD}.Debug|Any CPU.ActiveCfg = Debug|Any CPU
		{A248991B-1DCE-414F-8F69-4E15AE7B5BCD}.Debug|Any CPU.Build.0 = Debug|Any CPU
		{A248991B-1DCE-414F-8F69-4E15AE7B5BCD}.Debug|x64.ActiveCfg = Debug|Any CPU
		{A248991B-1DCE-414F-8F69-4E15AE7B5BCD}.Debug|x64.Build.0 = Debug|Any CPU
		{A248991B-1DCE-414F-8F69-4E15AE7B5BCD}.Release|Any CPU.ActiveCfg = Release|Any CPU
		{A248991B-1DCE-414F-8F69-4E15AE7B5BCD}.Release|Any CPU.Build.0 = Release|Any CPU
		{A248991B-1DCE-414F-8F69-4E15AE7B5BCD}.Release|x64.ActiveCfg = Release|Any CPU
		{A248991B-1DCE-414F-8F69-4E15AE7B5BCD}.Release|x64.Build.0 = Release|Any CPU
		{4AF5863E-CFE1-4B6E-ADAA-B0031C839532}.Debug|Any CPU.ActiveCfg = Debug|Any CPU
		{4AF5863E-CFE1-4B6E-ADAA-B0031C839532}.Debug|Any CPU.Build.0 = Debug|Any CPU
		{4AF5863E-CFE1-4B6E-ADAA-B0031C839532}.Debug|x64.ActiveCfg = Debug|Any CPU
		{4AF5863E-CFE1-4B6E-ADAA-B0031C839532}.Debug|x64.Build.0 = Debug|Any CPU
		{4AF5863E-CFE1-4B6E-ADAA-B0031C839532}.Release|Any CPU.ActiveCfg = Release|Any CPU
		{4AF5863E-CFE1-4B6E-ADAA-B0031C839532}.Release|Any CPU.Build.0 = Release|Any CPU
		{4AF5863E-CFE1-4B6E-ADAA-B0031C839532}.Release|x64.ActiveCfg = Release|Any CPU
		{4AF5863E-CFE1-4B6E-ADAA-B0031C839532}.Release|x64.Build.0 = Release|Any CPU
		{434D84A0-F2AF-4F96-9BE6-7376F52D1A71}.Debug|Any CPU.ActiveCfg = Debug|Any CPU
		{434D84A0-F2AF-4F96-9BE6-7376F52D1A71}.Debug|Any CPU.Build.0 = Debug|Any CPU
		{434D84A0-F2AF-4F96-9BE6-7376F52D1A71}.Debug|x64.ActiveCfg = Debug|Any CPU
		{434D84A0-F2AF-4F96-9BE6-7376F52D1A71}.Debug|x64.Build.0 = Debug|Any CPU
		{434D84A0-F2AF-4F96-9BE6-7376F52D1A71}.Release|Any CPU.ActiveCfg = Release|Any CPU
		{434D84A0-F2AF-4F96-9BE6-7376F52D1A71}.Release|Any CPU.Build.0 = Release|Any CPU
		{434D84A0-F2AF-4F96-9BE6-7376F52D1A71}.Release|x64.ActiveCfg = Release|Any CPU
		{434D84A0-F2AF-4F96-9BE6-7376F52D1A71}.Release|x64.Build.0 = Release|Any CPU
		{AE18E85F-CE02-473E-9DE3-B7A19069FF68}.Debug|Any CPU.ActiveCfg = Debug|Any CPU
		{AE18E85F-CE02-473E-9DE3-B7A19069FF68}.Debug|Any CPU.Build.0 = Debug|Any CPU
		{AE18E85F-CE02-473E-9DE3-B7A19069FF68}.Debug|x64.ActiveCfg = Debug|Any CPU
		{AE18E85F-CE02-473E-9DE3-B7A19069FF68}.Debug|x64.Build.0 = Debug|Any CPU
		{AE18E85F-CE02-473E-9DE3-B7A19069FF68}.Release|Any CPU.ActiveCfg = Release|Any CPU
		{AE18E85F-CE02-473E-9DE3-B7A19069FF68}.Release|Any CPU.Build.0 = Release|Any CPU
		{AE18E85F-CE02-473E-9DE3-B7A19069FF68}.Release|x64.ActiveCfg = Release|Any CPU
		{AE18E85F-CE02-473E-9DE3-B7A19069FF68}.Release|x64.Build.0 = Release|Any CPU
		{C74DC460-CA6D-474F-8ED5-EE3CC6B0E8C7}.Debug|Any CPU.ActiveCfg = Debug|Any CPU
		{C74DC460-CA6D-474F-8ED5-EE3CC6B0E8C7}.Debug|Any CPU.Build.0 = Debug|Any CPU
		{C74DC460-CA6D-474F-8ED5-EE3CC6B0E8C7}.Debug|x64.ActiveCfg = Debug|Any CPU
		{C74DC460-CA6D-474F-8ED5-EE3CC6B0E8C7}.Debug|x64.Build.0 = Debug|Any CPU
		{C74DC460-CA6D-474F-8ED5-EE3CC6B0E8C7}.Release|Any CPU.ActiveCfg = Release|Any CPU
		{C74DC460-CA6D-474F-8ED5-EE3CC6B0E8C7}.Release|Any CPU.Build.0 = Release|Any CPU
		{C74DC460-CA6D-474F-8ED5-EE3CC6B0E8C7}.Release|x64.ActiveCfg = Release|Any CPU
		{C74DC460-CA6D-474F-8ED5-EE3CC6B0E8C7}.Release|x64.Build.0 = Release|Any CPU
		{EF704744-E4A9-42D4-830A-17EEA66A98FC}.Debug|Any CPU.ActiveCfg = Debug|Any CPU
		{EF704744-E4A9-42D4-830A-17EEA66A98FC}.Debug|Any CPU.Build.0 = Debug|Any CPU
		{EF704744-E4A9-42D4-830A-17EEA66A98FC}.Debug|x64.ActiveCfg = Debug|Any CPU
		{EF704744-E4A9-42D4-830A-17EEA66A98FC}.Debug|x64.Build.0 = Debug|Any CPU
		{EF704744-E4A9-42D4-830A-17EEA66A98FC}.Release|Any CPU.ActiveCfg = Release|Any CPU
		{EF704744-E4A9-42D4-830A-17EEA66A98FC}.Release|Any CPU.Build.0 = Release|Any CPU
		{EF704744-E4A9-42D4-830A-17EEA66A98FC}.Release|x64.ActiveCfg = Release|Any CPU
		{EF704744-E4A9-42D4-830A-17EEA66A98FC}.Release|x64.Build.0 = Release|Any CPU
		{16FD6E57-0B07-48A3-A505-2824220A10F2}.Debug|Any CPU.ActiveCfg = Debug|Any CPU
		{16FD6E57-0B07-48A3-A505-2824220A10F2}.Debug|Any CPU.Build.0 = Debug|Any CPU
		{16FD6E57-0B07-48A3-A505-2824220A10F2}.Debug|x64.ActiveCfg = Debug|Any CPU
		{16FD6E57-0B07-48A3-A505-2824220A10F2}.Debug|x64.Build.0 = Debug|Any CPU
		{16FD6E57-0B07-48A3-A505-2824220A10F2}.Release|Any CPU.ActiveCfg = Release|Any CPU
		{16FD6E57-0B07-48A3-A505-2824220A10F2}.Release|Any CPU.Build.0 = Release|Any CPU
		{16FD6E57-0B07-48A3-A505-2824220A10F2}.Release|x64.ActiveCfg = Release|Any CPU
		{16FD6E57-0B07-48A3-A505-2824220A10F2}.Release|x64.Build.0 = Release|Any CPU
		{75E388EF-A3E7-4248-86D1-99782D97D9A1}.Debug|Any CPU.ActiveCfg = Debug|Any CPU
		{75E388EF-A3E7-4248-86D1-99782D97D9A1}.Debug|Any CPU.Build.0 = Debug|Any CPU
		{75E388EF-A3E7-4248-86D1-99782D97D9A1}.Debug|x64.ActiveCfg = Debug|Any CPU
		{75E388EF-A3E7-4248-86D1-99782D97D9A1}.Debug|x64.Build.0 = Debug|Any CPU
		{75E388EF-A3E7-4248-86D1-99782D97D9A1}.Release|Any CPU.ActiveCfg = Release|Any CPU
		{75E388EF-A3E7-4248-86D1-99782D97D9A1}.Release|Any CPU.Build.0 = Release|Any CPU
		{75E388EF-A3E7-4248-86D1-99782D97D9A1}.Release|x64.ActiveCfg = Release|Any CPU
		{75E388EF-A3E7-4248-86D1-99782D97D9A1}.Release|x64.Build.0 = Release|Any CPU
		{26D768EE-564E-482C-B3B5-A6A8F9937FD0}.Debug|Any CPU.ActiveCfg = Debug|Any CPU
		{26D768EE-564E-482C-B3B5-A6A8F9937FD0}.Debug|Any CPU.Build.0 = Debug|Any CPU
		{26D768EE-564E-482C-B3B5-A6A8F9937FD0}.Debug|x64.ActiveCfg = Debug|Any CPU
		{26D768EE-564E-482C-B3B5-A6A8F9937FD0}.Debug|x64.Build.0 = Debug|Any CPU
		{26D768EE-564E-482C-B3B5-A6A8F9937FD0}.Release|Any CPU.ActiveCfg = Release|Any CPU
		{26D768EE-564E-482C-B3B5-A6A8F9937FD0}.Release|Any CPU.Build.0 = Release|Any CPU
		{26D768EE-564E-482C-B3B5-A6A8F9937FD0}.Release|x64.ActiveCfg = Release|Any CPU
		{26D768EE-564E-482C-B3B5-A6A8F9937FD0}.Release|x64.Build.0 = Release|Any CPU
		{DEDFCDE7-4885-4B00-AB2B-A6196503A9E8}.Debug|Any CPU.ActiveCfg = Debug|Any CPU
		{DEDFCDE7-4885-4B00-AB2B-A6196503A9E8}.Debug|Any CPU.Build.0 = Debug|Any CPU
		{DEDFCDE7-4885-4B00-AB2B-A6196503A9E8}.Debug|x64.ActiveCfg = Debug|Any CPU
		{DEDFCDE7-4885-4B00-AB2B-A6196503A9E8}.Debug|x64.Build.0 = Debug|Any CPU
		{DEDFCDE7-4885-4B00-AB2B-A6196503A9E8}.Release|Any CPU.ActiveCfg = Release|Any CPU
		{DEDFCDE7-4885-4B00-AB2B-A6196503A9E8}.Release|Any CPU.Build.0 = Release|Any CPU
		{DEDFCDE7-4885-4B00-AB2B-A6196503A9E8}.Release|x64.ActiveCfg = Release|Any CPU
		{DEDFCDE7-4885-4B00-AB2B-A6196503A9E8}.Release|x64.Build.0 = Release|Any CPU
		{81DCD627-71D8-4F0D-B5F9-C9F8C6035442}.Debug|Any CPU.ActiveCfg = Debug|Any CPU
		{81DCD627-71D8-4F0D-B5F9-C9F8C6035442}.Debug|Any CPU.Build.0 = Debug|Any CPU
		{81DCD627-71D8-4F0D-B5F9-C9F8C6035442}.Debug|x64.ActiveCfg = Debug|Any CPU
		{81DCD627-71D8-4F0D-B5F9-C9F8C6035442}.Debug|x64.Build.0 = Debug|Any CPU
		{81DCD627-71D8-4F0D-B5F9-C9F8C6035442}.Release|Any CPU.ActiveCfg = Release|Any CPU
		{81DCD627-71D8-4F0D-B5F9-C9F8C6035442}.Release|Any CPU.Build.0 = Release|Any CPU
		{81DCD627-71D8-4F0D-B5F9-C9F8C6035442}.Release|x64.ActiveCfg = Release|Any CPU
		{81DCD627-71D8-4F0D-B5F9-C9F8C6035442}.Release|x64.Build.0 = Release|Any CPU
		{EA3250C1-1895-4CE5-8361-AA7DA21E21EA}.Debug|Any CPU.ActiveCfg = Debug|Any CPU
		{EA3250C1-1895-4CE5-8361-AA7DA21E21EA}.Debug|Any CPU.Build.0 = Debug|Any CPU
		{EA3250C1-1895-4CE5-8361-AA7DA21E21EA}.Debug|x64.ActiveCfg = Debug|Any CPU
		{EA3250C1-1895-4CE5-8361-AA7DA21E21EA}.Debug|x64.Build.0 = Debug|Any CPU
		{EA3250C1-1895-4CE5-8361-AA7DA21E21EA}.Release|Any CPU.ActiveCfg = Release|Any CPU
		{EA3250C1-1895-4CE5-8361-AA7DA21E21EA}.Release|Any CPU.Build.0 = Release|Any CPU
		{EA3250C1-1895-4CE5-8361-AA7DA21E21EA}.Release|x64.ActiveCfg = Release|Any CPU
		{EA3250C1-1895-4CE5-8361-AA7DA21E21EA}.Release|x64.Build.0 = Release|Any CPU
		{2EA0CFB9-13BE-48DE-883C-7F5A123B04F7}.Debug|Any CPU.ActiveCfg = Debug|Any CPU
		{2EA0CFB9-13BE-48DE-883C-7F5A123B04F7}.Debug|Any CPU.Build.0 = Debug|Any CPU
		{2EA0CFB9-13BE-48DE-883C-7F5A123B04F7}.Debug|x64.ActiveCfg = Debug|Any CPU
		{2EA0CFB9-13BE-48DE-883C-7F5A123B04F7}.Debug|x64.Build.0 = Debug|Any CPU
		{2EA0CFB9-13BE-48DE-883C-7F5A123B04F7}.Release|Any CPU.ActiveCfg = Release|Any CPU
		{2EA0CFB9-13BE-48DE-883C-7F5A123B04F7}.Release|Any CPU.Build.0 = Release|Any CPU
		{2EA0CFB9-13BE-48DE-883C-7F5A123B04F7}.Release|x64.ActiveCfg = Release|Any CPU
		{2EA0CFB9-13BE-48DE-883C-7F5A123B04F7}.Release|x64.Build.0 = Release|Any CPU
		{66A5AD2F-FB6D-47D0-A405-35068A6B3897}.Debug|Any CPU.ActiveCfg = Debug|Any CPU
		{66A5AD2F-FB6D-47D0-A405-35068A6B3897}.Debug|Any CPU.Build.0 = Debug|Any CPU
		{66A5AD2F-FB6D-47D0-A405-35068A6B3897}.Debug|x64.ActiveCfg = Debug|Any CPU
		{66A5AD2F-FB6D-47D0-A405-35068A6B3897}.Debug|x64.Build.0 = Debug|Any CPU
		{66A5AD2F-FB6D-47D0-A405-35068A6B3897}.Release|Any CPU.ActiveCfg = Release|Any CPU
		{66A5AD2F-FB6D-47D0-A405-35068A6B3897}.Release|Any CPU.Build.0 = Release|Any CPU
		{66A5AD2F-FB6D-47D0-A405-35068A6B3897}.Release|x64.ActiveCfg = Release|Any CPU
		{66A5AD2F-FB6D-47D0-A405-35068A6B3897}.Release|x64.Build.0 = Release|Any CPU
		{352A37F3-D9CA-4B8A-B455-9091FBE70D16}.Debug|Any CPU.ActiveCfg = Debug|Any CPU
		{352A37F3-D9CA-4B8A-B455-9091FBE70D16}.Debug|Any CPU.Build.0 = Debug|Any CPU
		{352A37F3-D9CA-4B8A-B455-9091FBE70D16}.Debug|x64.ActiveCfg = Debug|Any CPU
		{352A37F3-D9CA-4B8A-B455-9091FBE70D16}.Debug|x64.Build.0 = Debug|Any CPU
		{352A37F3-D9CA-4B8A-B455-9091FBE70D16}.Release|Any CPU.ActiveCfg = Release|Any CPU
		{352A37F3-D9CA-4B8A-B455-9091FBE70D16}.Release|Any CPU.Build.0 = Release|Any CPU
		{352A37F3-D9CA-4B8A-B455-9091FBE70D16}.Release|x64.ActiveCfg = Release|Any CPU
		{352A37F3-D9CA-4B8A-B455-9091FBE70D16}.Release|x64.Build.0 = Release|Any CPU
		{B49BAEAE-BFAD-4B16-8C25-952C0332EEFB}.Debug|Any CPU.ActiveCfg = Debug|Any CPU
		{B49BAEAE-BFAD-4B16-8C25-952C0332EEFB}.Debug|Any CPU.Build.0 = Debug|Any CPU
		{B49BAEAE-BFAD-4B16-8C25-952C0332EEFB}.Debug|x64.ActiveCfg = Debug|Any CPU
		{B49BAEAE-BFAD-4B16-8C25-952C0332EEFB}.Debug|x64.Build.0 = Debug|Any CPU
		{B49BAEAE-BFAD-4B16-8C25-952C0332EEFB}.Release|Any CPU.ActiveCfg = Release|Any CPU
		{B49BAEAE-BFAD-4B16-8C25-952C0332EEFB}.Release|Any CPU.Build.0 = Release|Any CPU
		{B49BAEAE-BFAD-4B16-8C25-952C0332EEFB}.Release|x64.ActiveCfg = Release|Any CPU
		{B49BAEAE-BFAD-4B16-8C25-952C0332EEFB}.Release|x64.Build.0 = Release|Any CPU
		{1376E883-42CB-4573-9955-C52B6054FE16}.Debug|Any CPU.ActiveCfg = Debug|Any CPU
		{1376E883-42CB-4573-9955-C52B6054FE16}.Debug|Any CPU.Build.0 = Debug|Any CPU
		{1376E883-42CB-4573-9955-C52B6054FE16}.Debug|x64.ActiveCfg = Debug|Any CPU
		{1376E883-42CB-4573-9955-C52B6054FE16}.Debug|x64.Build.0 = Debug|Any CPU
		{1376E883-42CB-4573-9955-C52B6054FE16}.Release|Any CPU.ActiveCfg = Release|Any CPU
		{1376E883-42CB-4573-9955-C52B6054FE16}.Release|Any CPU.Build.0 = Release|Any CPU
		{1376E883-42CB-4573-9955-C52B6054FE16}.Release|x64.ActiveCfg = Release|Any CPU
		{1376E883-42CB-4573-9955-C52B6054FE16}.Release|x64.Build.0 = Release|Any CPU
		{563A6DAE-08C8-4366-B48F-D452376E0ECF}.Debug|Any CPU.ActiveCfg = Debug|Any CPU
		{563A6DAE-08C8-4366-B48F-D452376E0ECF}.Debug|Any CPU.Build.0 = Debug|Any CPU
		{563A6DAE-08C8-4366-B48F-D452376E0ECF}.Debug|x64.ActiveCfg = Debug|Any CPU
		{563A6DAE-08C8-4366-B48F-D452376E0ECF}.Debug|x64.Build.0 = Debug|Any CPU
		{563A6DAE-08C8-4366-B48F-D452376E0ECF}.Release|Any CPU.ActiveCfg = Release|Any CPU
		{563A6DAE-08C8-4366-B48F-D452376E0ECF}.Release|Any CPU.Build.0 = Release|Any CPU
		{563A6DAE-08C8-4366-B48F-D452376E0ECF}.Release|x64.ActiveCfg = Release|Any CPU
		{563A6DAE-08C8-4366-B48F-D452376E0ECF}.Release|x64.Build.0 = Release|Any CPU
		{8E348951-91A9-41BF-942B-0747826573E1}.Debug|Any CPU.ActiveCfg = Debug|Any CPU
		{8E348951-91A9-41BF-942B-0747826573E1}.Debug|Any CPU.Build.0 = Debug|Any CPU
		{8E348951-91A9-41BF-942B-0747826573E1}.Debug|x64.ActiveCfg = Debug|Any CPU
		{8E348951-91A9-41BF-942B-0747826573E1}.Debug|x64.Build.0 = Debug|Any CPU
		{8E348951-91A9-41BF-942B-0747826573E1}.Release|Any CPU.ActiveCfg = Release|Any CPU
		{8E348951-91A9-41BF-942B-0747826573E1}.Release|Any CPU.Build.0 = Release|Any CPU
		{8E348951-91A9-41BF-942B-0747826573E1}.Release|x64.ActiveCfg = Release|Any CPU
		{8E348951-91A9-41BF-942B-0747826573E1}.Release|x64.Build.0 = Release|Any CPU
		{8B08C0EA-974D-47B1-9E32-EDAAB1C660B4}.Debug|Any CPU.ActiveCfg = Debug|Any CPU
		{8B08C0EA-974D-47B1-9E32-EDAAB1C660B4}.Debug|Any CPU.Build.0 = Debug|Any CPU
		{8B08C0EA-974D-47B1-9E32-EDAAB1C660B4}.Debug|x64.ActiveCfg = Debug|Any CPU
		{8B08C0EA-974D-47B1-9E32-EDAAB1C660B4}.Debug|x64.Build.0 = Debug|Any CPU
		{8B08C0EA-974D-47B1-9E32-EDAAB1C660B4}.Release|Any CPU.ActiveCfg = Release|Any CPU
		{8B08C0EA-974D-47B1-9E32-EDAAB1C660B4}.Release|Any CPU.Build.0 = Release|Any CPU
		{8B08C0EA-974D-47B1-9E32-EDAAB1C660B4}.Release|x64.ActiveCfg = Release|Any CPU
		{8B08C0EA-974D-47B1-9E32-EDAAB1C660B4}.Release|x64.Build.0 = Release|Any CPU
		{2086CBF7-42F5-4110-BFF3-54463D743E1F}.Debug|Any CPU.ActiveCfg = Debug|Any CPU
		{2086CBF7-42F5-4110-BFF3-54463D743E1F}.Debug|Any CPU.Build.0 = Debug|Any CPU
		{2086CBF7-42F5-4110-BFF3-54463D743E1F}.Debug|x64.ActiveCfg = Debug|Any CPU
		{2086CBF7-42F5-4110-BFF3-54463D743E1F}.Debug|x64.Build.0 = Debug|Any CPU
		{2086CBF7-42F5-4110-BFF3-54463D743E1F}.Release|Any CPU.ActiveCfg = Release|Any CPU
		{2086CBF7-42F5-4110-BFF3-54463D743E1F}.Release|Any CPU.Build.0 = Release|Any CPU
		{2086CBF7-42F5-4110-BFF3-54463D743E1F}.Release|x64.ActiveCfg = Release|Any CPU
		{2086CBF7-42F5-4110-BFF3-54463D743E1F}.Release|x64.Build.0 = Release|Any CPU
		{7C471B0A-FDEC-44C5-B312-E95A6A43BFE4}.Debug|Any CPU.ActiveCfg = Debug|Any CPU
		{7C471B0A-FDEC-44C5-B312-E95A6A43BFE4}.Debug|Any CPU.Build.0 = Debug|Any CPU
		{7C471B0A-FDEC-44C5-B312-E95A6A43BFE4}.Debug|x64.ActiveCfg = Debug|Any CPU
		{7C471B0A-FDEC-44C5-B312-E95A6A43BFE4}.Debug|x64.Build.0 = Debug|Any CPU
		{7C471B0A-FDEC-44C5-B312-E95A6A43BFE4}.Release|Any CPU.ActiveCfg = Release|Any CPU
		{7C471B0A-FDEC-44C5-B312-E95A6A43BFE4}.Release|Any CPU.Build.0 = Release|Any CPU
		{7C471B0A-FDEC-44C5-B312-E95A6A43BFE4}.Release|x64.ActiveCfg = Release|Any CPU
		{7C471B0A-FDEC-44C5-B312-E95A6A43BFE4}.Release|x64.Build.0 = Release|Any CPU
		{58740BCA-B537-4A61-9085-51F192A7106D}.Debug|Any CPU.ActiveCfg = Debug|Any CPU
		{58740BCA-B537-4A61-9085-51F192A7106D}.Debug|Any CPU.Build.0 = Debug|Any CPU
		{58740BCA-B537-4A61-9085-51F192A7106D}.Debug|x64.ActiveCfg = Debug|Any CPU
		{58740BCA-B537-4A61-9085-51F192A7106D}.Debug|x64.Build.0 = Debug|Any CPU
		{58740BCA-B537-4A61-9085-51F192A7106D}.Release|Any CPU.ActiveCfg = Release|Any CPU
		{58740BCA-B537-4A61-9085-51F192A7106D}.Release|Any CPU.Build.0 = Release|Any CPU
		{58740BCA-B537-4A61-9085-51F192A7106D}.Release|x64.ActiveCfg = Release|Any CPU
		{58740BCA-B537-4A61-9085-51F192A7106D}.Release|x64.Build.0 = Release|Any CPU
		{5903D72A-B458-4CA0-802E-241410E2ADE7}.Debug|Any CPU.ActiveCfg = Debug|Any CPU
		{5903D72A-B458-4CA0-802E-241410E2ADE7}.Debug|Any CPU.Build.0 = Debug|Any CPU
		{5903D72A-B458-4CA0-802E-241410E2ADE7}.Debug|x64.ActiveCfg = Debug|Any CPU
		{5903D72A-B458-4CA0-802E-241410E2ADE7}.Debug|x64.Build.0 = Debug|Any CPU
		{5903D72A-B458-4CA0-802E-241410E2ADE7}.Release|Any CPU.ActiveCfg = Release|Any CPU
		{5903D72A-B458-4CA0-802E-241410E2ADE7}.Release|Any CPU.Build.0 = Release|Any CPU
		{5903D72A-B458-4CA0-802E-241410E2ADE7}.Release|x64.ActiveCfg = Release|Any CPU
		{5903D72A-B458-4CA0-802E-241410E2ADE7}.Release|x64.Build.0 = Release|Any CPU
		{7BE24BB5-3237-4403-921E-3CFC5A4A8E20}.Debug|Any CPU.ActiveCfg = Debug|Any CPU
		{7BE24BB5-3237-4403-921E-3CFC5A4A8E20}.Debug|Any CPU.Build.0 = Debug|Any CPU
		{7BE24BB5-3237-4403-921E-3CFC5A4A8E20}.Debug|x64.ActiveCfg = Debug|Any CPU
		{7BE24BB5-3237-4403-921E-3CFC5A4A8E20}.Debug|x64.Build.0 = Debug|Any CPU
		{7BE24BB5-3237-4403-921E-3CFC5A4A8E20}.Release|Any CPU.ActiveCfg = Release|Any CPU
		{7BE24BB5-3237-4403-921E-3CFC5A4A8E20}.Release|Any CPU.Build.0 = Release|Any CPU
		{7BE24BB5-3237-4403-921E-3CFC5A4A8E20}.Release|x64.ActiveCfg = Release|Any CPU
		{7BE24BB5-3237-4403-921E-3CFC5A4A8E20}.Release|x64.Build.0 = Release|Any CPU
		{9FE363A8-7187-4F29-910C-AD2A845B48E0}.Debug|Any CPU.ActiveCfg = Debug|Any CPU
		{9FE363A8-7187-4F29-910C-AD2A845B48E0}.Debug|Any CPU.Build.0 = Debug|Any CPU
		{9FE363A8-7187-4F29-910C-AD2A845B48E0}.Debug|x64.ActiveCfg = Debug|Any CPU
		{9FE363A8-7187-4F29-910C-AD2A845B48E0}.Debug|x64.Build.0 = Debug|Any CPU
		{9FE363A8-7187-4F29-910C-AD2A845B48E0}.Release|Any CPU.ActiveCfg = Release|Any CPU
		{9FE363A8-7187-4F29-910C-AD2A845B48E0}.Release|Any CPU.Build.0 = Release|Any CPU
		{9FE363A8-7187-4F29-910C-AD2A845B48E0}.Release|x64.ActiveCfg = Release|Any CPU
		{9FE363A8-7187-4F29-910C-AD2A845B48E0}.Release|x64.Build.0 = Release|Any CPU
		{6841102C-9535-441D-8367-39E6E8CDCE04}.Debug|Any CPU.ActiveCfg = Debug|Any CPU
		{6841102C-9535-441D-8367-39E6E8CDCE04}.Debug|Any CPU.Build.0 = Debug|Any CPU
		{6841102C-9535-441D-8367-39E6E8CDCE04}.Debug|x64.ActiveCfg = Debug|Any CPU
		{6841102C-9535-441D-8367-39E6E8CDCE04}.Debug|x64.Build.0 = Debug|Any CPU
		{6841102C-9535-441D-8367-39E6E8CDCE04}.Release|Any CPU.ActiveCfg = Release|Any CPU
		{6841102C-9535-441D-8367-39E6E8CDCE04}.Release|Any CPU.Build.0 = Release|Any CPU
		{6841102C-9535-441D-8367-39E6E8CDCE04}.Release|x64.ActiveCfg = Release|Any CPU
		{6841102C-9535-441D-8367-39E6E8CDCE04}.Release|x64.Build.0 = Release|Any CPU
		{D9F40BA0-EFB9-4546-8F83-FC390BE7EDA5}.Debug|Any CPU.ActiveCfg = Debug|Any CPU
		{D9F40BA0-EFB9-4546-8F83-FC390BE7EDA5}.Debug|Any CPU.Build.0 = Debug|Any CPU
		{D9F40BA0-EFB9-4546-8F83-FC390BE7EDA5}.Debug|x64.ActiveCfg = Debug|Any CPU
		{D9F40BA0-EFB9-4546-8F83-FC390BE7EDA5}.Debug|x64.Build.0 = Debug|Any CPU
		{D9F40BA0-EFB9-4546-8F83-FC390BE7EDA5}.Release|Any CPU.ActiveCfg = Release|Any CPU
		{D9F40BA0-EFB9-4546-8F83-FC390BE7EDA5}.Release|Any CPU.Build.0 = Release|Any CPU
		{D9F40BA0-EFB9-4546-8F83-FC390BE7EDA5}.Release|x64.ActiveCfg = Release|Any CPU
		{D9F40BA0-EFB9-4546-8F83-FC390BE7EDA5}.Release|x64.Build.0 = Release|Any CPU
		{52E1724E-62DD-4CC2-A5E8-AD3947EC5C9F}.Debug|Any CPU.ActiveCfg = Debug|Any CPU
		{52E1724E-62DD-4CC2-A5E8-AD3947EC5C9F}.Debug|Any CPU.Build.0 = Debug|Any CPU
		{52E1724E-62DD-4CC2-A5E8-AD3947EC5C9F}.Debug|x64.ActiveCfg = Debug|Any CPU
		{52E1724E-62DD-4CC2-A5E8-AD3947EC5C9F}.Debug|x64.Build.0 = Debug|Any CPU
		{52E1724E-62DD-4CC2-A5E8-AD3947EC5C9F}.Release|Any CPU.ActiveCfg = Release|Any CPU
		{52E1724E-62DD-4CC2-A5E8-AD3947EC5C9F}.Release|Any CPU.Build.0 = Release|Any CPU
		{52E1724E-62DD-4CC2-A5E8-AD3947EC5C9F}.Release|x64.ActiveCfg = Release|Any CPU
		{52E1724E-62DD-4CC2-A5E8-AD3947EC5C9F}.Release|x64.Build.0 = Release|Any CPU
		{37675FE0-BFD5-434C-B1CF-473EA564EF32}.Debug|Any CPU.ActiveCfg = Debug|Any CPU
		{37675FE0-BFD5-434C-B1CF-473EA564EF32}.Debug|Any CPU.Build.0 = Debug|Any CPU
		{37675FE0-BFD5-434C-B1CF-473EA564EF32}.Debug|x64.ActiveCfg = Debug|Any CPU
		{37675FE0-BFD5-434C-B1CF-473EA564EF32}.Debug|x64.Build.0 = Debug|Any CPU
		{37675FE0-BFD5-434C-B1CF-473EA564EF32}.Release|Any CPU.ActiveCfg = Release|Any CPU
		{37675FE0-BFD5-434C-B1CF-473EA564EF32}.Release|Any CPU.Build.0 = Release|Any CPU
		{37675FE0-BFD5-434C-B1CF-473EA564EF32}.Release|x64.ActiveCfg = Release|Any CPU
		{37675FE0-BFD5-434C-B1CF-473EA564EF32}.Release|x64.Build.0 = Release|Any CPU
		{DFAC7BC7-3B32-4EF8-8C75-C3E910CECEB4}.Debug|Any CPU.ActiveCfg = Debug|Any CPU
		{DFAC7BC7-3B32-4EF8-8C75-C3E910CECEB4}.Debug|Any CPU.Build.0 = Debug|Any CPU
		{DFAC7BC7-3B32-4EF8-8C75-C3E910CECEB4}.Debug|x64.ActiveCfg = Debug|Any CPU
		{DFAC7BC7-3B32-4EF8-8C75-C3E910CECEB4}.Debug|x64.Build.0 = Debug|Any CPU
		{DFAC7BC7-3B32-4EF8-8C75-C3E910CECEB4}.Release|Any CPU.ActiveCfg = Release|Any CPU
		{DFAC7BC7-3B32-4EF8-8C75-C3E910CECEB4}.Release|Any CPU.Build.0 = Release|Any CPU
		{DFAC7BC7-3B32-4EF8-8C75-C3E910CECEB4}.Release|x64.ActiveCfg = Release|Any CPU
		{DFAC7BC7-3B32-4EF8-8C75-C3E910CECEB4}.Release|x64.Build.0 = Release|Any CPU
		{55E82F07-671B-4BBC-A8ED-F588EF181E82}.Debug|Any CPU.ActiveCfg = Debug|Any CPU
		{55E82F07-671B-4BBC-A8ED-F588EF181E82}.Debug|Any CPU.Build.0 = Debug|Any CPU
		{55E82F07-671B-4BBC-A8ED-F588EF181E82}.Debug|x64.ActiveCfg = Debug|Any CPU
		{55E82F07-671B-4BBC-A8ED-F588EF181E82}.Debug|x64.Build.0 = Debug|Any CPU
		{55E82F07-671B-4BBC-A8ED-F588EF181E82}.Release|Any CPU.ActiveCfg = Release|Any CPU
		{55E82F07-671B-4BBC-A8ED-F588EF181E82}.Release|Any CPU.Build.0 = Release|Any CPU
		{55E82F07-671B-4BBC-A8ED-F588EF181E82}.Release|x64.ActiveCfg = Release|Any CPU
		{55E82F07-671B-4BBC-A8ED-F588EF181E82}.Release|x64.Build.0 = Release|Any CPU
		{ABAA5FF5-828B-4959-BAE5-71DED33F4993}.Debug|Any CPU.ActiveCfg = Debug|Any CPU
		{ABAA5FF5-828B-4959-BAE5-71DED33F4993}.Debug|Any CPU.Build.0 = Debug|Any CPU
		{ABAA5FF5-828B-4959-BAE5-71DED33F4993}.Debug|x64.ActiveCfg = Debug|Any CPU
		{ABAA5FF5-828B-4959-BAE5-71DED33F4993}.Debug|x64.Build.0 = Debug|Any CPU
		{ABAA5FF5-828B-4959-BAE5-71DED33F4993}.Release|Any CPU.ActiveCfg = Release|Any CPU
		{ABAA5FF5-828B-4959-BAE5-71DED33F4993}.Release|Any CPU.Build.0 = Release|Any CPU
		{ABAA5FF5-828B-4959-BAE5-71DED33F4993}.Release|x64.ActiveCfg = Release|Any CPU
		{ABAA5FF5-828B-4959-BAE5-71DED33F4993}.Release|x64.Build.0 = Release|Any CPU
		{F726B1BC-35E9-47C2-9D72-D66F04DEA774}.Debug|Any CPU.ActiveCfg = Debug|Any CPU
		{F726B1BC-35E9-47C2-9D72-D66F04DEA774}.Debug|Any CPU.Build.0 = Debug|Any CPU
		{F726B1BC-35E9-47C2-9D72-D66F04DEA774}.Debug|x64.ActiveCfg = Debug|Any CPU
		{F726B1BC-35E9-47C2-9D72-D66F04DEA774}.Debug|x64.Build.0 = Debug|Any CPU
		{F726B1BC-35E9-47C2-9D72-D66F04DEA774}.Release|Any CPU.ActiveCfg = Release|Any CPU
		{F726B1BC-35E9-47C2-9D72-D66F04DEA774}.Release|Any CPU.Build.0 = Release|Any CPU
		{F726B1BC-35E9-47C2-9D72-D66F04DEA774}.Release|x64.ActiveCfg = Release|Any CPU
		{F726B1BC-35E9-47C2-9D72-D66F04DEA774}.Release|x64.Build.0 = Release|Any CPU
	EndGlobalSection
	GlobalSection(SolutionProperties) = preSolution
		HideSolutionNode = FALSE
	EndGlobalSection
	GlobalSection(NestedProjects) = preSolution
		{BB5AE0A9-9100-419B-8EDA-27D7F7E8B259} = {BAC65147-0FB3-457E-992E-0EEBA3DC9330}
		{D2FD4317-8BE6-4F1E-B5A8-CF766FE2E74E} = {BAC65147-0FB3-457E-992E-0EEBA3DC9330}
		{A44D7D9E-A851-49A9-8F8E-9541FBB6A8D3} = {BAC65147-0FB3-457E-992E-0EEBA3DC9330}
		{19AC676B-6FCE-4EA3-99A8-B893B9CC0B76} = {BAC65147-0FB3-457E-992E-0EEBA3DC9330}
		{EF704744-E4A9-42D4-830A-17EEA66A98FC} = {BAC65147-0FB3-457E-992E-0EEBA3DC9330}
		{75E388EF-A3E7-4248-86D1-99782D97D9A1} = {7D216C6D-7895-41DF-92F3-B5F0E0472F3B}
		{58740BCA-B537-4A61-9085-51F192A7106D} = {BAC65147-0FB3-457E-992E-0EEBA3DC9330}
		{ABAA5FF5-828B-4959-BAE5-71DED33F4993} = {BAC65147-0FB3-457E-992E-0EEBA3DC9330}
		{F726B1BC-35E9-47C2-9D72-D66F04DEA774} = {BAC65147-0FB3-457E-992E-0EEBA3DC9330}
	EndGlobalSection
	GlobalSection(ExtensibilityGlobals) = postSolution
		SolutionGuid = {05B0442E-EBAA-4578-98F2-16B0DD20C3DB}
	EndGlobalSection
EndGlobal
